
Microsoft Visual Studio Solution File, Format Version 12.00
# Visual Studio Version 16
VisualStudioVersion = 16.0.31205.134
MinimumVisualStudioVersion = 10.0.40219.1
Project("{FAE04EC0-301F-11D3-BF4B-00C04F79EFBC}") = "yazilim_sinama_v1.1", "yazilim_sinama_v1.1\yazilim_sinama_v1.1.csproj", "{3CC4F2DB-B718-4882-B4F4-E8EC3D340D26}"
EndProject
Project("{FAE04EC0-301F-11D3-BF4B-00C04F79EFBC}") = "Server", "Server\Server.csproj", "{8DBFE063-5831-4E1A-BB93-2622AD8144C7}"
EndProject
Project("{FAE04EC0-301F-11D3-BF4B-00C04F79EFBC}") = "UnitTestProje", "UnitTestProje\UnitTestProje.csproj", "{5CA116F5-3E06-43E1-B14D-820E99257F40}"
EndProject
Global
	GlobalSection(SolutionConfigurationPlatforms) = preSolution
		Debug|Any CPU = Debug|Any CPU
		Release|Any CPU = Release|Any CPU
	EndGlobalSection
	GlobalSection(ProjectConfigurationPlatforms) = postSolution
		{3CC4F2DB-B718-4882-B4F4-E8EC3D340D26}.Debug|Any CPU.ActiveCfg = Debug|Any CPU
		{3CC4F2DB-B718-4882-B4F4-E8EC3D340D26}.Debug|Any CPU.Build.0 = Debug|Any CPU
		{3CC4F2DB-B718-4882-B4F4-E8EC3D340D26}.Release|Any CPU.ActiveCfg = Release|Any CPU
		{3CC4F2DB-B718-4882-B4F4-E8EC3D340D26}.Release|Any CPU.Build.0 = Release|Any CPU
		{8DBFE063-5831-4E1A-BB93-2622AD8144C7}.Debug|Any CPU.ActiveCfg = Debug|Any CPU
		{8DBFE063-5831-4E1A-BB93-2622AD8144C7}.Debug|Any CPU.Build.0 = Debug|Any CPU
		{8DBFE063-5831-4E1A-BB93-2622AD8144C7}.Release|Any CPU.ActiveCfg = Release|Any CPU
		{8DBFE063-5831-4E1A-BB93-2622AD8144C7}.Release|Any CPU.Build.0 = Release|Any CPU
		{5CA116F5-3E06-43E1-B14D-820E99257F40}.Debug|Any CPU.ActiveCfg = Debug|Any CPU
		{5CA116F5-3E06-43E1-B14D-820E99257F40}.Debug|Any CPU.Build.0 = Debug|Any CPU
		{5CA116F5-3E06-43E1-B14D-820E99257F40}.Release|Any CPU.ActiveCfg = Release|Any CPU
		{5CA116F5-3E06-43E1-B14D-820E99257F40}.Release|Any CPU.Build.0 = Release|Any CPU
	EndGlobalSection
	GlobalSection(SolutionProperties) = preSolution
		HideSolutionNode = FALSE
	EndGlobalSection
	GlobalSection(ExtensibilityGlobals) = postSolution
		SolutionGuid = {916ABE90-19B9-4F46-92B9-C21267701878}
	EndGlobalSection
EndGlobal
